
Microsoft Visual Studio Solution File, Format Version 12.00
# Visual Studio Version 17
VisualStudioVersion = 17.0.31903.59
MinimumVisualStudioVersion = 10.0.40219.1
Project("{8BC9CEB8-8B4A-11D0-8D11-00A0C91BC942}") = "Sudoku", "Sudoku.vcxproj", "{341A2C91-C423-47FC-9D4A-62FB2C163FCE}"
EndProject
Global
	GlobalSection(SolutionConfigurationPlatforms) = preSolution
		Debug|x64 = Debug|x64
		Release|x64 = Release|x64
	EndGlobalSection
	GlobalSection(ProjectConfigurationPlatforms) = postSolution
		{341A2C91-C423-47FC-9D4A-62FB2C163FCE}.Debug|x64.ActiveCfg = Debug|x64
		{341A2C91-C423-47FC-9D4A-62FB2C163FCE}.Debug|x64.Build.0 = Debug|x64
		{341A2C91-C423-47FC-9D4A-62FB2C163FCE}.Release|x64.ActiveCfg = Release|x64
		{341A2C91-C423-47FC-9D4A-62FB2C163FCE}.Release|x64.Build.0 = Release|x64
	EndGlobalSection
	GlobalSection(SolutionProperties) = preSolution
		HideSolutionNode = FALSE
	EndGlobalSection
	GlobalSection(ExtensibilityGlobals) = postSolution
		SolutionGuid = {39C99B10-9544-42E3-85D4-7460D975C7EB}
	EndGlobalSection
EndGlobal
